
Microsoft Visual Studio Solution File, Format Version 12.00
# Visual Studio 15
VisualStudioVersion = 15.0.27004.2008
MinimumVisualStudioVersion = 10.0.40219.1
Project("{FAE04EC0-301F-11D3-BF4B-00C04F79EFBC}") = "ATM", "ATM\ATM.csproj", "{71E4BEE4-AF96-4AA0-85E9-01C0991D8172}"
EndProject
Global
	GlobalSection(SolutionConfigurationPlatforms) = preSolution
		Debug|Any CPU = Debug|Any CPU
		Release|Any CPU = Release|Any CPU
	EndGlobalSection
	GlobalSection(ProjectConfigurationPlatforms) = postSolution
		{71E4BEE4-AF96-4AA0-85E9-01C0991D8172}.Debug|Any CPU.ActiveCfg = Debug|Any CPU
		{71E4BEE4-AF96-4AA0-85E9-01C0991D8172}.Debug|Any CPU.Build.0 = Debug|Any CPU
		{71E4BEE4-AF96-4AA0-85E9-01C0991D8172}.Release|Any CPU.ActiveCfg = Release|Any CPU
		{71E4BEE4-AF96-4AA0-85E9-01C0991D8172}.Release|Any CPU.Build.0 = Release|Any CPU
	EndGlobalSection
	GlobalSection(SolutionProperties) = preSolution
		HideSolutionNode = FALSE
	EndGlobalSection
	GlobalSection(ExtensibilityGlobals) = postSolution
		SolutionGuid = {16ABF883-0898-4F3E-BC7F-92EB7CCE1057}
	EndGlobalSection
EndGlobal
